# This file is automatically @generated by Cargo.
# It is not intended for manual editing.
version = 4

[[package]]
name = "chaperone-bridge"
version = "0.1.0"

[[package]]
name = "chaperone-cli"
version = "0.1.0"

[[package]]
name = "chaperone-core"
version = "0.1.0"

[[package]]
name = "chaperone-ledger"
version = "0.1.0"

[[package]]
name = "chaperone-migrate"
version = "0.1.0"

[[package]]
name = "chaperone-protocol"
version = "0.1.0"

[[package]]
name = "chaperone-relay"
version = "0.1.0"

[[package]]
name = "chaperone-sdk"
version = "0.1.0"
